// !$*UTF8*$!
{
	archiveVersion = 1;
	classes = {
	};
	objectVersion = 50;
	objects = {

/* Begin PBXBuildFile section */
		4F87FEE521E4AE9A006D443D /* NetworkAPI.framework in Frameworks */ = {isa = PBXBuildFile; fileRef = 4F87FEDB21E4AE9A006D443D /* NetworkAPI.framework */; };
		4F87FEEA21E4AE9A006D443D /* NetworkAPITests.swift in Sources */ = {isa = PBXBuildFile; fileRef = 4F87FEE921E4AE9A006D443D /* NetworkAPITests.swift */; };
		4F87FEEC21E4AE9A006D443D /* NetworkAPI.h in Headers */ = {isa = PBXBuildFile; fileRef = 4F87FEDE21E4AE9A006D443D /* NetworkAPI.h */; settings = {ATTRIBUTES = (Public, ); }; };
		4F87FEFD21E4B002006D443D /* Service.swift in Sources */ = {isa = PBXBuildFile; fileRef = 4F87FEFC21E4B002006D443D /* Service.swift */; };
		4F87FF1221E4B59D006D443D /* Alamofire.framework in Frameworks */ = {isa = PBXBuildFile; fileRef = 4F87FF0F21E4B59D006D443D /* Alamofire.framework */; };
		4F87FF1321E4B59D006D443D /* Result.framework in Frameworks */ = {isa = PBXBuildFile; fileRef = 4F87FF1021E4B59D006D443D /* Result.framework */; };
		4F87FF1421E4B59D006D443D /* Moya.framework in Frameworks */ = {isa = PBXBuildFile; fileRef = 4F87FF1121E4B59D006D443D /* Moya.framework */; };
		4F87FF1821E4CB3D006D443D /* Result.swift in Sources */ = {isa = PBXBuildFile; fileRef = 4F87FF1721E4CB3D006D443D /* Result.swift */; };
		4F87FF1B21E4CB94006D443D /* TopResponse.swift in Sources */ = {isa = PBXBuildFile; fileRef = 4F87FF1A21E4CB94006D443D /* TopResponse.swift */; };
		4F87FF1D21E4CC08006D443D /* Error.swift in Sources */ = {isa = PBXBuildFile; fileRef = 4F87FF1C21E4CC08006D443D /* Error.swift */; };
		4F87FF2021E4CC64006D443D /* Photos.swift in Sources */ = {isa = PBXBuildFile; fileRef = 4F87FF1F21E4CC64006D443D /* Photos.swift */; };
		4F87FF2221E4CCED006D443D /* Photo.swift in Sources */ = {isa = PBXBuildFile; fileRef = 4F87FF2121E4CCED006D443D /* Photo.swift */; };
		4F87FF2521E4CDDC006D443D /* FlickrTarget.swift in Sources */ = {isa = PBXBuildFile; fileRef = 4F87FF2421E4CDDC006D443D /* FlickrTarget.swift */; };
		4F87FF2721E4CE39006D443D /* Common.swift in Sources */ = {isa = PBXBuildFile; fileRef = 4F87FF2621E4CE39006D443D /* Common.swift */; };
/* End PBXBuildFile section */

/* Begin PBXContainerItemProxy section */
		4F87FEE621E4AE9A006D443D /* PBXContainerItemProxy */ = {
			isa = PBXContainerItemProxy;
			containerPortal = 4F87FED221E4AE9A006D443D /* Project object */;
			proxyType = 1;
			remoteGlobalIDString = 4F87FEDA21E4AE9A006D443D;
			remoteInfo = NetworkAPI;
		};
/* End PBXContainerItemProxy section */

/* Begin PBXFileReference section */
		4F87FEDB21E4AE9A006D443D /* NetworkAPI.framework */ = {isa = PBXFileReference; explicitFileType = wrapper.framework; includeInIndex = 0; path = NetworkAPI.framework; sourceTree = BUILT_PRODUCTS_DIR; };
		4F87FEDE21E4AE9A006D443D /* NetworkAPI.h */ = {isa = PBXFileReference; lastKnownFileType = sourcecode.c.h; path = NetworkAPI.h; sourceTree = "<group>"; };
		4F87FEDF21E4AE9A006D443D /* Info.plist */ = {isa = PBXFileReference; lastKnownFileType = text.plist.xml; path = Info.plist; sourceTree = "<group>"; };
		4F87FEE421E4AE9A006D443D /* NetworkAPITests.xctest */ = {isa = PBXFileReference; explicitFileType = wrapper.cfbundle; includeInIndex = 0; path = NetworkAPITests.xctest; sourceTree = BUILT_PRODUCTS_DIR; };
		4F87FEE921E4AE9A006D443D /* NetworkAPITests.swift */ = {isa = PBXFileReference; lastKnownFileType = sourcecode.swift; path = NetworkAPITests.swift; sourceTree = "<group>"; };
		4F87FEEB21E4AE9A006D443D /* Info.plist */ = {isa = PBXFileReference; lastKnownFileType = text.plist.xml; path = Info.plist; sourceTree = "<group>"; };
		4F87FEFC21E4B002006D443D /* Service.swift */ = {isa = PBXFileReference; lastKnownFileType = sourcecode.swift; path = Service.swift; sourceTree = "<group>"; };
		4F87FF0F21E4B59D006D443D /* Alamofire.framework */ = {isa = PBXFileReference; lastKnownFileType = wrapper.framework; name = Alamofire.framework; path = ../Vendor/Carthage/Build/iOS/Alamofire.framework; sourceTree = "<group>"; };
		4F87FF1021E4B59D006D443D /* Result.framework */ = {isa = PBXFileReference; lastKnownFileType = wrapper.framework; name = Result.framework; path = ../Vendor/Carthage/Build/iOS/Result.framework; sourceTree = "<group>"; };
		4F87FF1121E4B59D006D443D /* Moya.framework */ = {isa = PBXFileReference; lastKnownFileType = wrapper.framework; name = Moya.framework; path = ../Vendor/Carthage/Build/iOS/Moya.framework; sourceTree = "<group>"; };
		4F87FF1721E4CB3D006D443D /* Result.swift */ = {isa = PBXFileReference; lastKnownFileType = sourcecode.swift; path = Result.swift; sourceTree = "<group>"; };
		4F87FF1A21E4CB94006D443D /* TopResponse.swift */ = {isa = PBXFileReference; lastKnownFileType = sourcecode.swift; path = TopResponse.swift; sourceTree = "<group>"; };
		4F87FF1C21E4CC08006D443D /* Error.swift */ = {isa = PBXFileReference; lastKnownFileType = sourcecode.swift; path = Error.swift; sourceTree = "<group>"; };
		4F87FF1F21E4CC64006D443D /* Photos.swift */ = {isa = PBXFileReference; lastKnownFileType = sourcecode.swift; path = Photos.swift; sourceTree = "<group>"; };
		4F87FF2121E4CCED006D443D /* Photo.swift */ = {isa = PBXFileReference; lastKnownFileType = sourcecode.swift; path = Photo.swift; sourceTree = "<group>"; };
		4F87FF2421E4CDDC006D443D /* FlickrTarget.swift */ = {isa = PBXFileReference; lastKnownFileType = sourcecode.swift; path = FlickrTarget.swift; sourceTree = "<group>"; };
		4F87FF2621E4CE39006D443D /* Common.swift */ = {isa = PBXFileReference; lastKnownFileType = sourcecode.swift; path = Common.swift; sourceTree = "<group>"; };
/* End PBXFileReference section */

/* Begin PBXFrameworksBuildPhase section */
		4F87FED821E4AE9A006D443D /* Frameworks */ = {
			isa = PBXFrameworksBuildPhase;
			buildActionMask = 2147483647;
			files = (
				4F87FF1221E4B59D006D443D /* Alamofire.framework in Frameworks */,
				4F87FF1421E4B59D006D443D /* Moya.framework in Frameworks */,
				4F87FF1321E4B59D006D443D /* Result.framework in Frameworks */,
			);
			runOnlyForDeploymentPostprocessing = 0;
		};
		4F87FEE121E4AE9A006D443D /* Frameworks */ = {
			isa = PBXFrameworksBuildPhase;
			buildActionMask = 2147483647;
			files = (
				4F87FEE521E4AE9A006D443D /* NetworkAPI.framework in Frameworks */,
			);
			runOnlyForDeploymentPostprocessing = 0;
		};
/* End PBXFrameworksBuildPhase section */

/* Begin PBXGroup section */
		4F87FED121E4AE9A006D443D = {
			isa = PBXGroup;
			children = (
				4F87FEDD21E4AE9A006D443D /* NetworkAPI */,
				4F87FEE821E4AE9A006D443D /* NetworkAPITests */,
				4F87FF0E21E4B37D006D443D /* Frameworks */,
				4F87FEDC21E4AE9A006D443D /* Products */,
			);
			sourceTree = "<group>";
		};
		4F87FEDC21E4AE9A006D443D /* Products */ = {
			isa = PBXGroup;
			children = (
				4F87FEDB21E4AE9A006D443D /* NetworkAPI.framework */,
				4F87FEE421E4AE9A006D443D /* NetworkAPITests.xctest */,
			);
			name = Products;
			sourceTree = "<group>";
		};
		4F87FEDD21E4AE9A006D443D /* NetworkAPI */ = {
			isa = PBXGroup;
			children = (
				4F87FF1921E4CB85006D443D /* Responses */,
				4F87FF1621E4CB31006D443D /* Helpers */,
				4F87FF2321E4CDA9006D443D /* Targets */,
				4F87FF1E21E4CC30006D443D /* DTOs */,
				4F87FEFC21E4B002006D443D /* Service.swift */,
				4F87FEDE21E4AE9A006D443D /* NetworkAPI.h */,
				4F87FEDF21E4AE9A006D443D /* Info.plist */,
			);
			path = NetworkAPI;
			sourceTree = "<group>";
		};
		4F87FEE821E4AE9A006D443D /* NetworkAPITests */ = {
			isa = PBXGroup;
			children = (
				4F87FEE921E4AE9A006D443D /* NetworkAPITests.swift */,
				4F87FEEB21E4AE9A006D443D /* Info.plist */,
			);
			path = NetworkAPITests;
			sourceTree = "<group>";
		};
		4F87FF0E21E4B37D006D443D /* Frameworks */ = {
			isa = PBXGroup;
			children = (
				4F87FF0F21E4B59D006D443D /* Alamofire.framework */,
				4F87FF1121E4B59D006D443D /* Moya.framework */,
				4F87FF1021E4B59D006D443D /* Result.framework */,
			);
			name = Frameworks;
			sourceTree = "<group>";
		};
		4F87FF1621E4CB31006D443D /* Helpers */ = {
			isa = PBXGroup;
			children = (
				4F87FF1721E4CB3D006D443D /* Result.swift */,
				4F87FF1C21E4CC08006D443D /* Error.swift */,
				4F87FF2621E4CE39006D443D /* Common.swift */,
			);
			path = Helpers;
			sourceTree = "<group>";
		};
		4F87FF1921E4CB85006D443D /* Responses */ = {
			isa = PBXGroup;
			children = (
				4F87FF1A21E4CB94006D443D /* TopResponse.swift */,
			);
			path = Responses;
			sourceTree = "<group>";
		};
		4F87FF1E21E4CC30006D443D /* DTOs */ = {
			isa = PBXGroup;
			children = (
				4F87FF1F21E4CC64006D443D /* Photos.swift */,
				4F87FF2121E4CCED006D443D /* Photo.swift */,
			);
			path = DTOs;
			sourceTree = "<group>";
		};
		4F87FF2321E4CDA9006D443D /* Targets */ = {
			isa = PBXGroup;
			children = (
				4F87FF2421E4CDDC006D443D /* FlickrTarget.swift */,
			);
			path = Targets;
			sourceTree = "<group>";
		};
/* End PBXGroup section */

/* Begin PBXHeadersBuildPhase section */
		4F87FED621E4AE9A006D443D /* Headers */ = {
			isa = PBXHeadersBuildPhase;
			buildActionMask = 2147483647;
			files = (
				4F87FEEC21E4AE9A006D443D /* NetworkAPI.h in Headers */,
			);
			runOnlyForDeploymentPostprocessing = 0;
		};
/* End PBXHeadersBuildPhase section */

/* Begin PBXNativeTarget section */
		4F87FEDA21E4AE9A006D443D /* NetworkAPI */ = {
			isa = PBXNativeTarget;
			buildConfigurationList = 4F87FEEF21E4AE9A006D443D /* Build configuration list for PBXNativeTarget "NetworkAPI" */;
			buildPhases = (
				4F87FED621E4AE9A006D443D /* Headers */,
				4F87FED721E4AE9A006D443D /* Sources */,
				4F87FED821E4AE9A006D443D /* Frameworks */,
				4F87FED921E4AE9A006D443D /* Resources */,
			);
			buildRules = (
			);
			dependencies = (
			);
			name = NetworkAPI;
			productName = NetworkAPI;
			productReference = 4F87FEDB21E4AE9A006D443D /* NetworkAPI.framework */;
			productType = "com.apple.product-type.framework";
		};
		4F87FEE321E4AE9A006D443D /* NetworkAPITests */ = {
			isa = PBXNativeTarget;
			buildConfigurationList = 4F87FEF221E4AE9A006D443D /* Build configuration list for PBXNativeTarget "NetworkAPITests" */;
			buildPhases = (
				4F87FEE021E4AE9A006D443D /* Sources */,
				4F87FEE121E4AE9A006D443D /* Frameworks */,
				4F87FEE221E4AE9A006D443D /* Resources */,
			);
			buildRules = (
			);
			dependencies = (
				4F87FEE721E4AE9A006D443D /* PBXTargetDependency */,
			);
			name = NetworkAPITests;
			productName = NetworkAPITests;
			productReference = 4F87FEE421E4AE9A006D443D /* NetworkAPITests.xctest */;
			productType = "com.apple.product-type.bundle.unit-test";
		};
/* End PBXNativeTarget section */

/* Begin PBXProject section */
		4F87FED221E4AE9A006D443D /* Project object */ = {
			isa = PBXProject;
			attributes = {
				LastSwiftUpdateCheck = 1010;
				LastUpgradeCheck = 1010;
				ORGANIZATIONNAME = behlul;
				TargetAttributes = {
					4F87FEDA21E4AE9A006D443D = {
						CreatedOnToolsVersion = 10.1;
						LastSwiftMigration = 1010;
					};
					4F87FEE321E4AE9A006D443D = {
						CreatedOnToolsVersion = 10.1;
					};
				};
			};
			buildConfigurationList = 4F87FED521E4AE9A006D443D /* Build configuration list for PBXProject "NetworkAPI" */;
			compatibilityVersion = "Xcode 9.3";
			developmentRegion = en;
			hasScannedForEncodings = 0;
			knownRegions = (
				en,
			);
			mainGroup = 4F87FED121E4AE9A006D443D;
			productRefGroup = 4F87FEDC21E4AE9A006D443D /* Products */;
			projectDirPath = "";
			projectRoot = "";
			targets = (
				4F87FEDA21E4AE9A006D443D /* NetworkAPI */,
				4F87FEE321E4AE9A006D443D /* NetworkAPITests */,
			);
		};
/* End PBXProject section */

/* Begin PBXResourcesBuildPhase section */
		4F87FED921E4AE9A006D443D /* Resources */ = {
			isa = PBXResourcesBuildPhase;
			buildActionMask = 2147483647;
			files = (
			);
			runOnlyForDeploymentPostprocessing = 0;
		};
		4F87FEE221E4AE9A006D443D /* Resources */ = {
			isa = PBXResourcesBuildPhase;
			buildActionMask = 2147483647;
			files = (
			);
			runOnlyForDeploymentPostprocessing = 0;
		};
/* End PBXResourcesBuildPhase section */

/* Begin PBXSourcesBuildPhase section */
		4F87FED721E4AE9A006D443D /* Sources */ = {
			isa = PBXSourcesBuildPhase;
			buildActionMask = 2147483647;
			files = (
				4F87FF2721E4CE39006D443D /* Common.swift in Sources */,
				4F87FF2221E4CCED006D443D /* Photo.swift in Sources */,
				4F87FF1D21E4CC08006D443D /* Error.swift in Sources */,
				4F87FF1821E4CB3D006D443D /* Result.swift in Sources */,
				4F87FF1B21E4CB94006D443D /* TopResponse.swift in Sources */,
				4F87FF2021E4CC64006D443D /* Photos.swift in Sources */,
				4F87FF2521E4CDDC006D443D /* FlickrTarget.swift in Sources */,
				4F87FEFD21E4B002006D443D /* Service.swift in Sources */,
			);
			runOnlyForDeploymentPostprocessing = 0;
		};
		4F87FEE021E4AE9A006D443D /* Sources */ = {
			isa = PBXSourcesBuildPhase;
			buildActionMask = 2147483647;
			files = (
				4F87FEEA21E4AE9A006D443D /* NetworkAPITests.swift in Sources */,
			);
			runOnlyForDeploymentPostprocessing = 0;
		};
/* End PBXSourcesBuildPhase section */

/* Begin PBXTargetDependency section */
		4F87FEE721E4AE9A006D443D /* PBXTargetDependency */ = {
			isa = PBXTargetDependency;
			target = 4F87FEDA21E4AE9A006D443D /* NetworkAPI */;
			targetProxy = 4F87FEE621E4AE9A006D443D /* PBXContainerItemProxy */;
		};
/* End PBXTargetDependency section */

/* Begin XCBuildConfiguration section */
		4F87FEED21E4AE9A006D443D /* Debug */ = {
			isa = XCBuildConfiguration;
			buildSettings = {
				ALWAYS_SEARCH_USER_PATHS = NO;
				CLANG_ANALYZER_NONNULL = YES;
				CLANG_ANALYZER_NUMBER_OBJECT_CONVERSION = YES_AGGRESSIVE;
				CLANG_CXX_LANGUAGE_STANDARD = "gnu++14";
				CLANG_CXX_LIBRARY = "libc++";
				CLANG_ENABLE_MODULES = YES;
				CLANG_ENABLE_OBJC_ARC = YES;
				CLANG_ENABLE_OBJC_WEAK = YES;
				CLANG_WARN_BLOCK_CAPTURE_AUTORELEASING = YES;
				CLANG_WARN_BOOL_CONVERSION = YES;
				CLANG_WARN_COMMA = YES;
				CLANG_WARN_CONSTANT_CONVERSION = YES;
				CLANG_WARN_DEPRECATED_OBJC_IMPLEMENTATIONS = YES;
				CLANG_WARN_DIRECT_OBJC_ISA_USAGE = YES_ERROR;
				CLANG_WARN_DOCUMENTATION_COMMENTS = YES;
				CLANG_WARN_EMPTY_BODY = YES;
				CLANG_WARN_ENUM_CONVERSION = YES;
				CLANG_WARN_INFINITE_RECURSION = YES;
				CLANG_WARN_INT_CONVERSION = YES;
				CLANG_WARN_NON_LITERAL_NULL_CONVERSION = YES;
				CLANG_WARN_OBJC_IMPLICIT_RETAIN_SELF = YES;
				CLANG_WARN_OBJC_LITERAL_CONVERSION = YES;
				CLANG_WARN_OBJC_ROOT_CLASS = YES_ERROR;
				CLANG_WARN_RANGE_LOOP_ANALYSIS = YES;
				CLANG_WARN_STRICT_PROTOTYPES = YES;
				CLANG_WARN_SUSPICIOUS_MOVE = YES;
				CLANG_WARN_UNGUARDED_AVAILABILITY = YES_AGGRESSIVE;
				CLANG_WARN_UNREACHABLE_CODE = YES;
				CLANG_WARN__DUPLICATE_METHOD_MATCH = YES;
				CODE_SIGN_IDENTITY = "iPhone Developer";
				COPY_PHASE_STRIP = NO;
				CURRENT_PROJECT_VERSION = 1;
				DEBUG_INFORMATION_FORMAT = dwarf;
				ENABLE_STRICT_OBJC_MSGSEND = YES;
				ENABLE_TESTABILITY = YES;
				GCC_C_LANGUAGE_STANDARD = gnu11;
				GCC_DYNAMIC_NO_PIC = NO;
				GCC_NO_COMMON_BLOCKS = YES;
				GCC_OPTIMIZATION_LEVEL = 0;
				GCC_PREPROCESSOR_DEFINITIONS = (
					"DEBUG=1",
					"$(inherited)",
				);
				GCC_WARN_64_TO_32_BIT_CONVERSION = YES;
				GCC_WARN_ABOUT_RETURN_TYPE = YES_ERROR;
				GCC_WARN_UNDECLARED_SELECTOR = YES;
				GCC_WARN_UNINITIALIZED_AUTOS = YES_AGGRESSIVE;
				GCC_WARN_UNUSED_FUNCTION = YES;
				GCC_WARN_UNUSED_VARIABLE = YES;
				IPHONEOS_DEPLOYMENT_TARGET = 12.1;
				MTL_ENABLE_DEBUG_INFO = INCLUDE_SOURCE;
				MTL_FAST_MATH = YES;
				ONLY_ACTIVE_ARCH = YES;
				SDKROOT = iphoneos;
				SWIFT_ACTIVE_COMPILATION_CONDITIONS = DEBUG;
				SWIFT_OPTIMIZATION_LEVEL = "-Onone";
				VERSIONING_SYSTEM = "apple-generic";
				VERSION_INFO_PREFIX = "";
			};
			name = Debug;
		};
		4F87FEEE21E4AE9A006D443D /* Release */ = {
			isa = XCBuildConfiguration;
			buildSettings = {
				ALWAYS_SEARCH_USER_PATHS = NO;
				CLANG_ANALYZER_NONNULL = YES;
				CLANG_ANALYZER_NUMBER_OBJECT_CONVERSION = YES_AGGRESSIVE;
				CLANG_CXX_LANGUAGE_STANDARD = "gnu++14";
				CLANG_CXX_LIBRARY = "libc++";
				CLANG_ENABLE_MODULES = YES;
				CLANG_ENABLE_OBJC_ARC = YES;
				CLANG_ENABLE_OBJC_WEAK = YES;
				CLANG_WARN_BLOCK_CAPTURE_AUTORELEASING = YES;
				CLANG_WARN_BOOL_CONVERSION = YES;
				CLANG_WARN_COMMA = YES;
				CLANG_WARN_CONSTANT_CONVERSION = YES;
				CLANG_WARN_DEPRECATED_OBJC_IMPLEMENTATIONS = YES;
				CLANG_WARN_DIRECT_OBJC_ISA_USAGE = YES_ERROR;
				CLANG_WARN_DOCUMENTATION_COMMENTS = YES;
				CLANG_WARN_EMPTY_BODY = YES;
				CLANG_WARN_ENUM_CONVERSION = YES;
				CLANG_WARN_INFINITE_RECURSION = YES;
				CLANG_WARN_INT_CONVERSION = YES;
				CLANG_WARN_NON_LITERAL_NULL_CONVERSION = YES;
				CLANG_WARN_OBJC_IMPLICIT_RETAIN_SELF = YES;
				CLANG_WARN_OBJC_LITERAL_CONVERSION = YES;
				CLANG_WARN_OBJC_ROOT_CLASS = YES_ERROR;
				CLANG_WARN_RANGE_LOOP_ANALYSIS = YES;
				CLANG_WARN_STRICT_PROTOTYPES = YES;
				CLANG_WARN_SUSPICIOUS_MOVE = YES;
				CLANG_WARN_UNGUARDED_AVAILABILITY = YES_AGGRESSIVE;
				CLANG_WARN_UNREACHABLE_CODE = YES;
				CLANG_WARN__DUPLICATE_METHOD_MATCH = YES;
				CODE_SIGN_IDENTITY = "iPhone Developer";
				COPY_PHASE_STRIP = NO;
				CURRENT_PROJECT_VERSION = 1;
				DEBUG_INFORMATION_FORMAT = "dwarf-with-dsym";
				ENABLE_NS_ASSERTIONS = NO;
				ENABLE_STRICT_OBJC_MSGSEND = YES;
				GCC_C_LANGUAGE_STANDARD = gnu11;
				GCC_NO_COMMON_BLOCKS = YES;
				GCC_WARN_64_TO_32_BIT_CONVERSION = YES;
				GCC_WARN_ABOUT_RETURN_TYPE = YES_ERROR;
				GCC_WARN_UNDECLARED_SELECTOR = YES;
				GCC_WARN_UNINITIALIZED_AUTOS = YES_AGGRESSIVE;
				GCC_WARN_UNUSED_FUNCTION = YES;
				GCC_WARN_UNUSED_VARIABLE = YES;
				IPHONEOS_DEPLOYMENT_TARGET = 12.1;
				MTL_ENABLE_DEBUG_INFO = NO;
				MTL_FAST_MATH = YES;
				SDKROOT = iphoneos;
				SWIFT_COMPILATION_MODE = wholemodule;
				SWIFT_OPTIMIZATION_LEVEL = "-O";
				VALIDATE_PRODUCT = YES;
				VERSIONING_SYSTEM = "apple-generic";
				VERSION_INFO_PREFIX = "";
			};
			name = Release;
		};
		4F87FEF021E4AE9A006D443D /* Debug */ = {
			isa = XCBuildConfiguration;
			buildSettings = {
				CLANG_ENABLE_MODULES = YES;
				CODE_SIGN_IDENTITY = "";
				CODE_SIGN_STYLE = Automatic;
				DEFINES_MODULE = YES;
				DEVELOPMENT_TEAM = BW3D9MG5RU;
				DYLIB_COMPATIBILITY_VERSION = 1;
				DYLIB_CURRENT_VERSION = 1;
				DYLIB_INSTALL_NAME_BASE = "@rpath";
				FRAMEWORK_SEARCH_PATHS = "$(SRCROOT)/../Vendor/Carthage/Build/iOS/";
				INFOPLIST_FILE = NetworkAPI/Info.plist;
				INSTALL_PATH = "$(LOCAL_LIBRARY_DIR)/Frameworks";
				LD_RUNPATH_SEARCH_PATHS = (
					"$(inherited)",
					"@executable_path/Frameworks",
					"@loader_path/Frameworks",
				);
				PRODUCT_BUNDLE_IDENTIFIER = com.behlulkusaslan.NetworkAPI;
				PRODUCT_NAME = "$(TARGET_NAME:c99extidentifier)";
				SKIP_INSTALL = YES;
				SWIFT_OPTIMIZATION_LEVEL = "-Onone";
				SWIFT_VERSION = 4.2;
				TARGETED_DEVICE_FAMILY = "1,2";
			};
			name = Debug;
		};
		4F87FEF121E4AE9A006D443D /* Release */ = {
			isa = XCBuildConfiguration;
			buildSettings = {
				CLANG_ENABLE_MODULES = YES;
				CODE_SIGN_IDENTITY = "";
				CODE_SIGN_STYLE = Automatic;
				DEFINES_MODULE = YES;
				DEVELOPMENT_TEAM = BW3D9MG5RU;
				DYLIB_COMPATIBILITY_VERSION = 1;
				DYLIB_CURRENT_VERSION = 1;
				DYLIB_INSTALL_NAME_BASE = "@rpath";
				FRAMEWORK_SEARCH_PATHS = "$(SRCROOT)/../Vendor/Carthage/Build/iOS/";
				INFOPLIST_FILE = NetworkAPI/Info.plist;
				INSTALL_PATH = "$(LOCAL_LIBRARY_DIR)/Frameworks";
				LD_RUNPATH_SEARCH_PATHS = (
					"$(inherited)",
					"@executable_path/Frameworks",
					"@loader_path/Frameworks",
				);
				PRODUCT_BUNDLE_IDENTIFIER = com.behlulkusaslan.NetworkAPI;
				PRODUCT_NAME = "$(TARGET_NAME:c99extidentifier)";
				SKIP_INSTALL = YES;
				SWIFT_VERSION = 4.2;
				TARGETED_DEVICE_FAMILY = "1,2";
			};
			name = Release;
		};
		4F87FEF321E4AE9A006D443D /* Debug */ = {
			isa = XCBuildConfiguration;
			buildSettings = {
				ALWAYS_EMBED_SWIFT_STANDARD_LIBRARIES = YES;
				CODE_SIGN_STYLE = Automatic;
				DEVELOPMENT_TEAM = 6QZY3LQ388;
				INFOPLIST_FILE = NetworkAPITests/Info.plist;
				LD_RUNPATH_SEARCH_PATHS = (
					"$(inherited)",
					"@executable_path/Frameworks",
					"@loader_path/Frameworks",
				);
				PRODUCT_BUNDLE_IDENTIFIER = com.behlulkusaslan.NetworkAPITests;
				PRODUCT_NAME = "$(TARGET_NAME)";
				SWIFT_VERSION = 4.2;
				TARGETED_DEVICE_FAMILY = "1,2";
			};
			name = Debug;
		};
		4F87FEF421E4AE9A006D443D /* Release */ = {
			isa = XCBuildConfiguration;
			buildSettings = {
				ALWAYS_EMBED_SWIFT_STANDARD_LIBRARIES = YES;
				CODE_SIGN_STYLE = Automatic;
				DEVELOPMENT_TEAM = 6QZY3LQ388;
				INFOPLIST_FILE = NetworkAPITests/Info.plist;
				LD_RUNPATH_SEARCH_PATHS = (
					"$(inherited)",
					"@executable_path/Frameworks",
					"@loader_path/Frameworks",
				);
				PRODUCT_BUNDLE_IDENTIFIER = com.behlulkusaslan.NetworkAPITests;
				PRODUCT_NAME = "$(TARGET_NAME)";
				SWIFT_VERSION = 4.2;
				TARGETED_DEVICE_FAMILY = "1,2";
			};
			name = Release;
		};
/* End XCBuildConfiguration section */

/* Begin XCConfigurationList section */
		4F87FED521E4AE9A006D443D /* Build configuration list for PBXProject "NetworkAPI" */ = {
			isa = XCConfigurationList;
			buildConfigurations = (
				4F87FEED21E4AE9A006D443D /* Debug */,
				4F87FEEE21E4AE9A006D443D /* Release */,
			);
			defaultConfigurationIsVisible = 0;
			defaultConfigurationName = Release;
		};
		4F87FEEF21E4AE9A006D443D /* Build configuration list for PBXNativeTarget "NetworkAPI" */ = {
			isa = XCConfigurationList;
			buildConfigurations = (
				4F87FEF021E4AE9A006D443D /* Debug */,
				4F87FEF121E4AE9A006D443D /* Release */,
			);
			defaultConfigurationIsVisible = 0;
			defaultConfigurationName = Release;
		};
		4F87FEF221E4AE9A006D443D /* Build configuration list for PBXNativeTarget "NetworkAPITests" */ = {
			isa = XCConfigurationList;
			buildConfigurations = (
				4F87FEF321E4AE9A006D443D /* Debug */,
				4F87FEF421E4AE9A006D443D /* Release */,
			);
			defaultConfigurationIsVisible = 0;
			defaultConfigurationName = Release;
		};
/* End XCConfigurationList section */
	};
	rootObject = 4F87FED221E4AE9A006D443D /* Project object */;
}
